
Microsoft Visual Studio Solution File, Format Version 12.00
# Visual Studio Version 16
VisualStudioVersion = 16.0.32929.386
MinimumVisualStudioVersion = 10.0.40219.1
Project("{FAE04EC0-301F-11D3-BF4B-00C04F79EFBC}") = "COPA_DO_MUNDO", "COPA_DO_MUNDO\COPA_DO_MUNDO.csproj", "{7AA25AF7-BF41-40FE-A662-5F54FA8E9FBC}"
EndProject
Global
	GlobalSection(SolutionConfigurationPlatforms) = preSolution
		Debug|Any CPU = Debug|Any CPU
		Release|Any CPU = Release|Any CPU
	EndGlobalSection
	GlobalSection(ProjectConfigurationPlatforms) = postSolution
		{7AA25AF7-BF41-40FE-A662-5F54FA8E9FBC}.Debug|Any CPU.ActiveCfg = Debug|Any CPU
		{7AA25AF7-BF41-40FE-A662-5F54FA8E9FBC}.Debug|Any CPU.Build.0 = Debug|Any CPU
		{7AA25AF7-BF41-40FE-A662-5F54FA8E9FBC}.Release|Any CPU.ActiveCfg = Release|Any CPU
		{7AA25AF7-BF41-40FE-A662-5F54FA8E9FBC}.Release|Any CPU.Build.0 = Release|Any CPU
	EndGlobalSection
	GlobalSection(SolutionProperties) = preSolution
		HideSolutionNode = FALSE
	EndGlobalSection
	GlobalSection(ExtensibilityGlobals) = postSolution
		SolutionGuid = {A791E37A-DD04-4A10-85AB-627F57B8DE06}
	EndGlobalSection
EndGlobal
