
Microsoft Visual Studio Solution File, Format Version 12.00
# Visual Studio Version 16
VisualStudioVersion = 16.0.32929.386
MinimumVisualStudioVersion = 10.0.40219.1
Project("{FAE04EC0-301F-11D3-BF4B-00C04F79EFBC}") = "COPA_DO_MUNDO", "COPA_DO_MUNDO\COPA_DO_MUNDO.csproj", "{7AA25AF7-BF41-40FE-A662-5F54FA8E9FBC}"
EndProject
Project("{2150E333-8FDC-42A3-9474-1A3956D46DE8}") = "1 - Api", "1 - Api", "{BB0EE530-C72C-4E91-885E-3BD675EB29D7}"
EndProject
Project("{2150E333-8FDC-42A3-9474-1A3956D46DE8}") = "2 - Entidade", "2 - Entidade", "{75E978F5-409D-447E-802E-8F64F305CCF4}"
EndProject
Project("{2150E333-8FDC-42A3-9474-1A3956D46DE8}") = "3- Negocio", "3- Negocio", "{8C917AFE-BC64-4745-B6B3-0F5292FA4794}"
EndProject
Project("{2150E333-8FDC-42A3-9474-1A3956D46DE8}") = "4 - Repositorio", "4 - Repositorio", "{FF0DCF53-F2BA-4B4B-A28D-2AD7DB513389}"
EndProject
Project("{FAE04EC0-301F-11D3-BF4B-00C04F79EFBC}") = "Entity", "Entity\Entity.csproj", "{24D866D1-055A-4BBE-9780-14FCC9FCF866}"
EndProject
Project("{FAE04EC0-301F-11D3-BF4B-00C04F79EFBC}") = "Business", "Business\Business.csproj", "{3912865D-A869-4E1F-BC85-DCEBAE984C6C}"
EndProject
Project("{FAE04EC0-301F-11D3-BF4B-00C04F79EFBC}") = "Repository", "Repository\Repository.csproj", "{82D1EAAF-9BDE-482B-99C3-E3739709B218}"
EndProject
Project("{2150E333-8FDC-42A3-9474-1A3956D46DE8}") = "5- CrossCutting", "5- CrossCutting", "{933DE146-1F1A-465F-A65C-CA8A9F12960B}"
EndProject
Project("{FAE04EC0-301F-11D3-BF4B-00C04F79EFBC}") = "CrossCutting", "CrossCutting\CrossCutting.csproj", "{17BF17CC-86D1-4808-B0BC-F948754F20DF}"
EndProject
Global
	GlobalSection(SolutionConfigurationPlatforms) = preSolution
		Debug|Any CPU = Debug|Any CPU
		Release|Any CPU = Release|Any CPU
	EndGlobalSection
	GlobalSection(ProjectConfigurationPlatforms) = postSolution
		{7AA25AF7-BF41-40FE-A662-5F54FA8E9FBC}.Debug|Any CPU.ActiveCfg = Debug|Any CPU
		{7AA25AF7-BF41-40FE-A662-5F54FA8E9FBC}.Debug|Any CPU.Build.0 = Debug|Any CPU
		{7AA25AF7-BF41-40FE-A662-5F54FA8E9FBC}.Release|Any CPU.ActiveCfg = Release|Any CPU
		{7AA25AF7-BF41-40FE-A662-5F54FA8E9FBC}.Release|Any CPU.Build.0 = Release|Any CPU
		{24D866D1-055A-4BBE-9780-14FCC9FCF866}.Debug|Any CPU.ActiveCfg = Debug|Any CPU
		{24D866D1-055A-4BBE-9780-14FCC9FCF866}.Debug|Any CPU.Build.0 = Debug|Any CPU
		{24D866D1-055A-4BBE-9780-14FCC9FCF866}.Release|Any CPU.ActiveCfg = Release|Any CPU
		{24D866D1-055A-4BBE-9780-14FCC9FCF866}.Release|Any CPU.Build.0 = Release|Any CPU
		{3912865D-A869-4E1F-BC85-DCEBAE984C6C}.Debug|Any CPU.ActiveCfg = Debug|Any CPU
		{3912865D-A869-4E1F-BC85-DCEBAE984C6C}.Debug|Any CPU.Build.0 = Debug|Any CPU
		{3912865D-A869-4E1F-BC85-DCEBAE984C6C}.Release|Any CPU.ActiveCfg = Release|Any CPU
		{3912865D-A869-4E1F-BC85-DCEBAE984C6C}.Release|Any CPU.Build.0 = Release|Any CPU
		{82D1EAAF-9BDE-482B-99C3-E3739709B218}.Debug|Any CPU.ActiveCfg = Debug|Any CPU
		{82D1EAAF-9BDE-482B-99C3-E3739709B218}.Debug|Any CPU.Build.0 = Debug|Any CPU
		{82D1EAAF-9BDE-482B-99C3-E3739709B218}.Release|Any CPU.ActiveCfg = Release|Any CPU
		{82D1EAAF-9BDE-482B-99C3-E3739709B218}.Release|Any CPU.Build.0 = Release|Any CPU
		{17BF17CC-86D1-4808-B0BC-F948754F20DF}.Debug|Any CPU.ActiveCfg = Debug|Any CPU
		{17BF17CC-86D1-4808-B0BC-F948754F20DF}.Debug|Any CPU.Build.0 = Debug|Any CPU
		{17BF17CC-86D1-4808-B0BC-F948754F20DF}.Release|Any CPU.ActiveCfg = Release|Any CPU
		{17BF17CC-86D1-4808-B0BC-F948754F20DF}.Release|Any CPU.Build.0 = Release|Any CPU
	EndGlobalSection
	GlobalSection(SolutionProperties) = preSolution
		HideSolutionNode = FALSE
	EndGlobalSection
	GlobalSection(NestedProjects) = preSolution
		{7AA25AF7-BF41-40FE-A662-5F54FA8E9FBC} = {BB0EE530-C72C-4E91-885E-3BD675EB29D7}
		{24D866D1-055A-4BBE-9780-14FCC9FCF866} = {75E978F5-409D-447E-802E-8F64F305CCF4}
		{3912865D-A869-4E1F-BC85-DCEBAE984C6C} = {8C917AFE-BC64-4745-B6B3-0F5292FA4794}
		{82D1EAAF-9BDE-482B-99C3-E3739709B218} = {FF0DCF53-F2BA-4B4B-A28D-2AD7DB513389}
		{17BF17CC-86D1-4808-B0BC-F948754F20DF} = {933DE146-1F1A-465F-A65C-CA8A9F12960B}
	EndGlobalSection
	GlobalSection(ExtensibilityGlobals) = postSolution
		SolutionGuid = {A791E37A-DD04-4A10-85AB-627F57B8DE06}
	EndGlobalSection
EndGlobal
